// !$*UTF8*$!
{
	archiveVersion = 1;
	classes = {
	};
	objectVersion = 46;
	objects = {

/* Begin PBXBuildFile section */
		6A3AA7A41C12608B0009F325 /* Model.xcdatamodeld in Sources */ = {isa = PBXBuildFile; fileRef = 6A3AA7A21C12608B0009F325 /* Model.xcdatamodeld */; settings = {ASSET_TAGS = (); }; };
		6A6BBCBD1C0D3DC500195DFC /* AppDelegate.swift in Sources */ = {isa = PBXBuildFile; fileRef = 6A6BBCBC1C0D3DC500195DFC /* AppDelegate.swift */; };
		6A6BBCBF1C0D3DC500195DFC /* FirstViewController.swift in Sources */ = {isa = PBXBuildFile; fileRef = 6A6BBCBE1C0D3DC500195DFC /* FirstViewController.swift */; };
		6A6BBCC41C0D3DC500195DFC /* Main.storyboard in Resources */ = {isa = PBXBuildFile; fileRef = 6A6BBCC21C0D3DC500195DFC /* Main.storyboard */; };
		6A6BBCC61C0D3DC500195DFC /* Assets.xcassets in Resources */ = {isa = PBXBuildFile; fileRef = 6A6BBCC51C0D3DC500195DFC /* Assets.xcassets */; };
		6A6BBCC91C0D3DC500195DFC /* LaunchScreen.storyboard in Resources */ = {isa = PBXBuildFile; fileRef = 6A6BBCC71C0D3DC500195DFC /* LaunchScreen.storyboard */; };
		6A6BBCD31C0D415800195DFC /* CellDisplay.swift in Sources */ = {isa = PBXBuildFile; fileRef = 6A6BBCD21C0D415800195DFC /* CellDisplay.swift */; settings = {ASSET_TAGS = (); }; };
		6A6BBCD51C0FA49700195DFC /* Item.swift in Sources */ = {isa = PBXBuildFile; fileRef = 6A6BBCD41C0FA49600195DFC /* Item.swift */; settings = {ASSET_TAGS = (); }; };
		6AD5F8B91C10D1A3008559DE /* AddItemViewController.swift in Sources */ = {isa = PBXBuildFile; fileRef = 6AD5F8B81C10D1A3008559DE /* AddItemViewController.swift */; settings = {ASSET_TAGS = (); }; };
		6AD5F8BD1C1242EA008559DE /* StatisticViewController.swift in Sources */ = {isa = PBXBuildFile; fileRef = 6AD5F8BC1C1242EA008559DE /* StatisticViewController.swift */; settings = {ASSET_TAGS = (); }; };
		6AD5F8C01C124533008559DE /* config.swift in Sources */ = {isa = PBXBuildFile; fileRef = 6AD5F8BF1C124533008559DE /* config.swift */; settings = {ASSET_TAGS = (); }; };
/* End PBXBuildFile section */

/* Begin PBXFileReference section */
		6A3AA7A31C12608B0009F325 /* Model.xcdatamodel */ = {isa = PBXFileReference; lastKnownFileType = wrapper.xcdatamodel; path = Model.xcdatamodel; sourceTree = "<group>"; };
		6A6BBCB91C0D3DC500195DFC /* trader.app */ = {isa = PBXFileReference; explicitFileType = wrapper.application; includeInIndex = 0; path = trader.app; sourceTree = BUILT_PRODUCTS_DIR; };
		6A6BBCBC1C0D3DC500195DFC /* AppDelegate.swift */ = {isa = PBXFileReference; lastKnownFileType = sourcecode.swift; path = AppDelegate.swift; sourceTree = "<group>"; };
		6A6BBCBE1C0D3DC500195DFC /* FirstViewController.swift */ = {isa = PBXFileReference; lastKnownFileType = sourcecode.swift; path = FirstViewController.swift; sourceTree = "<group>"; };
		6A6BBCC31C0D3DC500195DFC /* Base */ = {isa = PBXFileReference; lastKnownFileType = file.storyboard; name = Base; path = Base.lproj/Main.storyboard; sourceTree = "<group>"; };
		6A6BBCC51C0D3DC500195DFC /* Assets.xcassets */ = {isa = PBXFileReference; lastKnownFileType = folder.assetcatalog; path = Assets.xcassets; sourceTree = "<group>"; };
		6A6BBCC81C0D3DC500195DFC /* Base */ = {isa = PBXFileReference; lastKnownFileType = file.storyboard; name = Base; path = Base.lproj/LaunchScreen.storyboard; sourceTree = "<group>"; };
		6A6BBCCA1C0D3DC500195DFC /* Info.plist */ = {isa = PBXFileReference; lastKnownFileType = text.plist.xml; path = Info.plist; sourceTree = "<group>"; };
		6A6BBCD21C0D415800195DFC /* CellDisplay.swift */ = {isa = PBXFileReference; fileEncoding = 4; lastKnownFileType = sourcecode.swift; path = CellDisplay.swift; sourceTree = "<group>"; };
		6A6BBCD41C0FA49600195DFC /* Item.swift */ = {isa = PBXFileReference; fileEncoding = 4; lastKnownFileType = sourcecode.swift; path = Item.swift; sourceTree = "<group>"; };
		6AD5F8B81C10D1A3008559DE /* AddItemViewController.swift */ = {isa = PBXFileReference; fileEncoding = 4; lastKnownFileType = sourcecode.swift; name = AddItemViewController.swift; path = ../AddItemViewController.swift; sourceTree = "<group>"; };
		6AD5F8BC1C1242EA008559DE /* StatisticViewController.swift */ = {isa = PBXFileReference; fileEncoding = 4; lastKnownFileType = sourcecode.swift; path = StatisticViewController.swift; sourceTree = "<group>"; };
		6AD5F8BF1C124533008559DE /* config.swift */ = {isa = PBXFileReference; fileEncoding = 4; lastKnownFileType = sourcecode.swift; path = config.swift; sourceTree = "<group>"; };
/* End PBXFileReference section */

/* Begin PBXFrameworksBuildPhase section */
		6A6BBCB61C0D3DC500195DFC /* Frameworks */ = {
			isa = PBXFrameworksBuildPhase;
			buildActionMask = 2147483647;
			files = (
			);
			runOnlyForDeploymentPostprocessing = 0;
		};
/* End PBXFrameworksBuildPhase section */

/* Begin PBXGroup section */
		6A6BBCB01C0D3DC500195DFC = {
			isa = PBXGroup;
			children = (
				6A6BBCBB1C0D3DC500195DFC /* trader */,
				6A6BBCBA1C0D3DC500195DFC /* Products */,
			);
			sourceTree = "<group>";
		};
		6A6BBCBA1C0D3DC500195DFC /* Products */ = {
			isa = PBXGroup;
			children = (
				6A6BBCB91C0D3DC500195DFC /* trader.app */,
			);
			name = Products;
			sourceTree = "<group>";
		};
		6A6BBCBB1C0D3DC500195DFC /* trader */ = {
			isa = PBXGroup;
			children = (
				6AD5F8BE1C1242FD008559DE /* controller */,
				6A6BBCBC1C0D3DC500195DFC /* AppDelegate.swift */,
				6A6BBCD41C0FA49600195DFC /* Item.swift */,
				6A6BBCD21C0D415800195DFC /* CellDisplay.swift */,
				6AD5F8BF1C124533008559DE /* config.swift */,
				6A6BBCC21C0D3DC500195DFC /* Main.storyboard */,
				6A6BBCC51C0D3DC500195DFC /* Assets.xcassets */,
				6A6BBCC71C0D3DC500195DFC /* LaunchScreen.storyboard */,
				6A6BBCCA1C0D3DC500195DFC /* Info.plist */,
				6A3AA7A21C12608B0009F325 /* Model.xcdatamodeld */,
			);
			path = trader;
			sourceTree = "<group>";
		};
		6AD5F8BE1C1242FD008559DE /* controller */ = {
			isa = PBXGroup;
			children = (
				6AD5F8B81C10D1A3008559DE /* AddItemViewController.swift */,
				6A6BBCBE1C0D3DC500195DFC /* FirstViewController.swift */,
				6AD5F8BC1C1242EA008559DE /* StatisticViewController.swift */,
			);
			name = controller;
			sourceTree = "<group>";
		};
/* End PBXGroup section */

/* Begin PBXNativeTarget section */
		6A6BBCB81C0D3DC500195DFC /* trader */ = {
			isa = PBXNativeTarget;
			buildConfigurationList = 6A6BBCCD1C0D3DC500195DFC /* Build configuration list for PBXNativeTarget "trader" */;
			buildPhases = (
				6A6BBCB51C0D3DC500195DFC /* Sources */,
				6A6BBCB61C0D3DC500195DFC /* Frameworks */,
				6A6BBCB71C0D3DC500195DFC /* Resources */,
			);
			buildRules = (
			);
			dependencies = (
			);
			name = trader;
			productName = trader;
			productReference = 6A6BBCB91C0D3DC500195DFC /* trader.app */;
			productType = "com.apple.product-type.application";
		};
/* End PBXNativeTarget section */

/* Begin PBXProject section */
		6A6BBCB11C0D3DC500195DFC /* Project object */ = {
			isa = PBXProject;
			attributes = {
				LastUpgradeCheck = 0700;
				ORGANIZATIONNAME = minor;
				TargetAttributes = {
					6A6BBCB81C0D3DC500195DFC = {
						CreatedOnToolsVersion = 7.0;
					};
				};
			};
			buildConfigurationList = 6A6BBCB41C0D3DC500195DFC /* Build configuration list for PBXProject "trader" */;
			compatibilityVersion = "Xcode 3.2";
			developmentRegion = English;
			hasScannedForEncodings = 0;
			knownRegions = (
				en,
				Base,
			);
			mainGroup = 6A6BBCB01C0D3DC500195DFC;
			productRefGroup = 6A6BBCBA1C0D3DC500195DFC /* Products */;
			projectDirPath = "";
			projectRoot = "";
			targets = (
				6A6BBCB81C0D3DC500195DFC /* trader */,
			);
		};
/* End PBXProject section */

/* Begin PBXResourcesBuildPhase section */
		6A6BBCB71C0D3DC500195DFC /* Resources */ = {
			isa = PBXResourcesBuildPhase;
			buildActionMask = 2147483647;
			files = (
				6A6BBCC91C0D3DC500195DFC /* LaunchScreen.storyboard in Resources */,
				6A6BBCC61C0D3DC500195DFC /* Assets.xcassets in Resources */,
				6A6BBCC41C0D3DC500195DFC /* Main.storyboard in Resources */,
			);
			runOnlyForDeploymentPostprocessing = 0;
		};
/* End PBXResourcesBuildPhase section */

/* Begin PBXSourcesBuildPhase section */
		6A6BBCB51C0D3DC500195DFC /* Sources */ = {
			isa = PBXSourcesBuildPhase;
			buildActionMask = 2147483647;
			files = (
				6A6BBCD51C0FA49700195DFC /* Item.swift in Sources */,
				6A6BBCBD1C0D3DC500195DFC /* AppDelegate.swift in Sources */,
				6A6BBCD31C0D415800195DFC /* CellDisplay.swift in Sources */,
				6A3AA7A41C12608B0009F325 /* Model.xcdatamodeld in Sources */,
				6AD5F8BD1C1242EA008559DE /* StatisticViewController.swift in Sources */,
				6AD5F8C01C124533008559DE /* config.swift in Sources */,
				6A6BBCBF1C0D3DC500195DFC /* FirstViewController.swift in Sources */,
				6AD5F8B91C10D1A3008559DE /* AddItemViewController.swift in Sources */,
			);
			runOnlyForDeploymentPostprocessing = 0;
		};
/* End PBXSourcesBuildPhase section */

/* Begin PBXVariantGroup section */
		6A6BBCC21C0D3DC500195DFC /* Main.storyboard */ = {
			isa = PBXVariantGroup;
			children = (
				6A6BBCC31C0D3DC500195DFC /* Base */,
			);
			name = Main.storyboard;
			sourceTree = "<group>";
		};
		6A6BBCC71C0D3DC500195DFC /* LaunchScreen.storyboard */ = {
			isa = PBXVariantGroup;
			children = (
				6A6BBCC81C0D3DC500195DFC /* Base */,
			);
			name = LaunchScreen.storyboard;
			sourceTree = "<group>";
		};
/* End PBXVariantGroup section */

/* Begin XCBuildConfiguration section */
		6A6BBCCB1C0D3DC500195DFC /* Debug */ = {
			isa = XCBuildConfiguration;
			buildSettings = {
				ALWAYS_SEARCH_USER_PATHS = NO;
				CLANG_CXX_LANGUAGE_STANDARD = "gnu++0x";
				CLANG_CXX_LIBRARY = "libc++";
				CLANG_ENABLE_MODULES = YES;
				CLANG_ENABLE_OBJC_ARC = YES;
				CLANG_WARN_BOOL_CONVERSION = YES;
				CLANG_WARN_CONSTANT_CONVERSION = YES;
				CLANG_WARN_DIRECT_OBJC_ISA_USAGE = YES_ERROR;
				CLANG_WARN_EMPTY_BODY = YES;
				CLANG_WARN_ENUM_CONVERSION = YES;
				CLANG_WARN_INT_CONVERSION = YES;
				CLANG_WARN_OBJC_ROOT_CLASS = YES_ERROR;
				CLANG_WARN_UNREACHABLE_CODE = YES;
				CLANG_WARN__DUPLICATE_METHOD_MATCH = YES;
				"CODE_SIGN_IDENTITY[sdk=iphoneos*]" = "iPhone Developer";
				COPY_PHASE_STRIP = NO;
				DEBUG_INFORMATION_FORMAT = dwarf;
				ENABLE_STRICT_OBJC_MSGSEND = YES;
				ENABLE_TESTABILITY = YES;
				GCC_C_LANGUAGE_STANDARD = gnu99;
				GCC_DYNAMIC_NO_PIC = NO;
				GCC_NO_COMMON_BLOCKS = YES;
				GCC_OPTIMIZATION_LEVEL = 0;
				GCC_PREPROCESSOR_DEFINITIONS = (
					"DEBUG=1",
					"$(inherited)",
				);
				GCC_WARN_64_TO_32_BIT_CONVERSION = YES;
				GCC_WARN_ABOUT_RETURN_TYPE = YES_ERROR;
				GCC_WARN_UNDECLARED_SELECTOR = YES;
				GCC_WARN_UNINITIALIZED_AUTOS = YES_AGGRESSIVE;
				GCC_WARN_UNUSED_FUNCTION = YES;
				GCC_WARN_UNUSED_VARIABLE = YES;
				IPHONEOS_DEPLOYMENT_TARGET = 9.0;
				MTL_ENABLE_DEBUG_INFO = YES;
				ONLY_ACTIVE_ARCH = YES;
				SDKROOT = iphoneos;
				SWIFT_OPTIMIZATION_LEVEL = "-Onone";
			};
			name = Debug;
		};
		6A6BBCCC1C0D3DC500195DFC /* Release */ = {
			isa = XCBuildConfiguration;
			buildSettings = {
				ALWAYS_SEARCH_USER_PATHS = NO;
				CLANG_CXX_LANGUAGE_STANDARD = "gnu++0x";
				CLANG_CXX_LIBRARY = "libc++";
				CLANG_ENABLE_MODULES = YES;
				CLANG_ENABLE_OBJC_ARC = YES;
				CLANG_WARN_BOOL_CONVERSION = YES;
				CLANG_WARN_CONSTANT_CONVERSION = YES;
				CLANG_WARN_DIRECT_OBJC_ISA_USAGE = YES_ERROR;
				CLANG_WARN_EMPTY_BODY = YES;
				CLANG_WARN_ENUM_CONVERSION = YES;
				CLANG_WARN_INT_CONVERSION = YES;
				CLANG_WARN_OBJC_ROOT_CLASS = YES_ERROR;
				CLANG_WARN_UNREACHABLE_CODE = YES;
				CLANG_WARN__DUPLICATE_METHOD_MATCH = YES;
				"CODE_SIGN_IDENTITY[sdk=iphoneos*]" = "iPhone Developer";
				COPY_PHASE_STRIP = NO;
				DEBUG_INFORMATION_FORMAT = "dwarf-with-dsym";
				ENABLE_NS_ASSERTIONS = NO;
				ENABLE_STRICT_OBJC_MSGSEND = YES;
				GCC_C_LANGUAGE_STANDARD = gnu99;
				GCC_NO_COMMON_BLOCKS = YES;
				GCC_WARN_64_TO_32_BIT_CONVERSION = YES;
				GCC_WARN_ABOUT_RETURN_TYPE = YES_ERROR;
				GCC_WARN_UNDECLARED_SELECTOR = YES;
				GCC_WARN_UNINITIALIZED_AUTOS = YES_AGGRESSIVE;
				GCC_WARN_UNUSED_FUNCTION = YES;
				GCC_WARN_UNUSED_VARIABLE = YES;
				IPHONEOS_DEPLOYMENT_TARGET = 9.0;
				MTL_ENABLE_DEBUG_INFO = NO;
				SDKROOT = iphoneos;
				VALIDATE_PRODUCT = YES;
			};
			name = Release;
		};
		6A6BBCCE1C0D3DC500195DFC /* Debug */ = {
			isa = XCBuildConfiguration;
			buildSettings = {
				ASSETCATALOG_COMPILER_APPICON_NAME = AppIcon;
				INFOPLIST_FILE = trader/Info.plist;
				LD_RUNPATH_SEARCH_PATHS = "$(inherited) @executable_path/Frameworks";
				PRODUCT_BUNDLE_IDENTIFIER = com.minor.trader;
				PRODUCT_NAME = "$(TARGET_NAME)";
			};
			name = Debug;
		};
		6A6BBCCF1C0D3DC500195DFC /* Release */ = {
			isa = XCBuildConfiguration;
			buildSettings = {
				ASSETCATALOG_COMPILER_APPICON_NAME = AppIcon;
				INFOPLIST_FILE = trader/Info.plist;
				LD_RUNPATH_SEARCH_PATHS = "$(inherited) @executable_path/Frameworks";
				PRODUCT_BUNDLE_IDENTIFIER = com.minor.trader;
				PRODUCT_NAME = "$(TARGET_NAME)";
			};
			name = Release;
		};
/* End XCBuildConfiguration section */

/* Begin XCConfigurationList section */
		6A6BBCB41C0D3DC500195DFC /* Build configuration list for PBXProject "trader" */ = {
			isa = XCConfigurationList;
			buildConfigurations = (
				6A6BBCCB1C0D3DC500195DFC /* Debug */,
				6A6BBCCC1C0D3DC500195DFC /* Release */,
			);
			defaultConfigurationIsVisible = 0;
			defaultConfigurationName = Release;
		};
		6A6BBCCD1C0D3DC500195DFC /* Build configuration list for PBXNativeTarget "trader" */ = {
			isa = XCConfigurationList;
			buildConfigurations = (
				6A6BBCCE1C0D3DC500195DFC /* Debug */,
				6A6BBCCF1C0D3DC500195DFC /* Release */,
			);
			defaultConfigurationIsVisible = 0;
			defaultConfigurationName = Release;
		};
/* End XCConfigurationList section */

/* Begin XCVersionGroup section */
		6A3AA7A21C12608B0009F325 /* Model.xcdatamodeld */ = {
			isa = XCVersionGroup;
			children = (
				6A3AA7A31C12608B0009F325 /* Model.xcdatamodel */,
			);
			currentVersion = 6A3AA7A31C12608B0009F325 /* Model.xcdatamodel */;
			path = Model.xcdatamodeld;
			sourceTree = "<group>";
			versionGroupType = wrapper.xcdatamodel;
		};
/* End XCVersionGroup section */
	};
	rootObject = 6A6BBCB11C0D3DC500195DFC /* Project object */;
}
